
Microsoft Visual Studio Solution File, Format Version 12.00
# Visual Studio Version 17
VisualStudioVersion = 17.9.34728.123
MinimumVisualStudioVersion = 10.0.40219.1
Project("{FAE04EC0-301F-11D3-BF4B-00C04F79EFBC}") = "frmMDI", "frmMDI\frmMDI.csproj", "{572A3629-F668-4E6D-B559-47B3A7840195}"
EndProject
Global
	GlobalSection(SolutionConfigurationPlatforms) = preSolution
		Debug|Any CPU = Debug|Any CPU
		Release|Any CPU = Release|Any CPU
	EndGlobalSection
	GlobalSection(ProjectConfigurationPlatforms) = postSolution
		{572A3629-F668-4E6D-B559-47B3A7840195}.Debug|Any CPU.ActiveCfg = Debug|Any CPU
		{572A3629-F668-4E6D-B559-47B3A7840195}.Debug|Any CPU.Build.0 = Debug|Any CPU
		{572A3629-F668-4E6D-B559-47B3A7840195}.Release|Any CPU.ActiveCfg = Release|Any CPU
		{572A3629-F668-4E6D-B559-47B3A7840195}.Release|Any CPU.Build.0 = Release|Any CPU
	EndGlobalSection
	GlobalSection(SolutionProperties) = preSolution
		HideSolutionNode = FALSE
	EndGlobalSection
	GlobalSection(ExtensibilityGlobals) = postSolution
		SolutionGuid = {9035BA00-3855-451E-9F47-5236299D9D22}
	EndGlobalSection
EndGlobal
